
Microsoft Visual Studio Solution File, Format Version 12.00
# Visual Studio Version 17
VisualStudioVersion = 17.14.36202.13 d17.14
MinimumVisualStudioVersion = 10.0.40219.1
Project("{FAE04EC0-301F-11D3-BF4B-00C04F79EFBC}") = "ChronoLoop", "ChronoLoop\ChronoLoop.csproj", "{A65E6430-AEA9-4561-A0B3-1B1F684F8B79}"
EndProject
Global
	GlobalSection(SolutionConfigurationPlatforms) = preSolution
		Debug|Any CPU = Debug|Any CPU
		Release|Any CPU = Release|Any CPU
	EndGlobalSection
	GlobalSection(ProjectConfigurationPlatforms) = postSolution
		{A65E6430-AEA9-4561-A0B3-1B1F684F8B79}.Debug|Any CPU.ActiveCfg = Debug|Any CPU
		{A65E6430-AEA9-4561-A0B3-1B1F684F8B79}.Debug|Any CPU.Build.0 = Debug|Any CPU
		{A65E6430-AEA9-4561-A0B3-1B1F684F8B79}.Release|Any CPU.ActiveCfg = Release|Any CPU
		{A65E6430-AEA9-4561-A0B3-1B1F684F8B79}.Release|Any CPU.Build.0 = Release|Any CPU
	EndGlobalSection
	GlobalSection(SolutionProperties) = preSolution
		HideSolutionNode = FALSE
	EndGlobalSection
	GlobalSection(ExtensibilityGlobals) = postSolution
		SolutionGuid = {621883FF-7C4E-4EDF-AB93-F29E191CA8DC}
	EndGlobalSection
EndGlobal
